
Microsoft Visual Studio Solution File, Format Version 12.00
# Visual Studio 15
VisualStudioVersion = 15.0.26621.2
MinimumVisualStudioVersion = 10.0.40219.1
Project("{FAE04EC0-301F-11D3-BF4B-00C04F79EFBC}") = "QRcode Generator", "QRcode Generator\QRcode Generator.csproj", "{49405190-E2EF-4397-B1D8-1A73ED88D2D5}"
EndProject
Global
	GlobalSection(SolutionConfigurationPlatforms) = preSolution
		Debug|Any CPU = Debug|Any CPU
		Release|Any CPU = Release|Any CPU
	EndGlobalSection
	GlobalSection(ProjectConfigurationPlatforms) = postSolution
		{49405190-E2EF-4397-B1D8-1A73ED88D2D5}.Debug|Any CPU.ActiveCfg = Debug|Any CPU
		{49405190-E2EF-4397-B1D8-1A73ED88D2D5}.Debug|Any CPU.Build.0 = Debug|Any CPU
		{49405190-E2EF-4397-B1D8-1A73ED88D2D5}.Release|Any CPU.ActiveCfg = Release|Any CPU
		{49405190-E2EF-4397-B1D8-1A73ED88D2D5}.Release|Any CPU.Build.0 = Release|Any CPU
	EndGlobalSection
	GlobalSection(SolutionProperties) = preSolution
		HideSolutionNode = FALSE
	EndGlobalSection
	GlobalSection(ExtensibilityGlobals) = postSolution
		SolutionGuid = {248BE577-1972-4F99-8E6A-9935569C5C91}
	EndGlobalSection
EndGlobal
